
Microsoft Visual Studio Solution File, Format Version 12.00
# Visual Studio Version 16
VisualStudioVersion = 16.0.35229.62
MinimumVisualStudioVersion = 10.0.40219.1
Project("{FAE04EC0-301F-11D3-BF4B-00C04F79EFBC}") = "Console App Array Assignment", "Console App Array Assignment\Console App Array Assignment.csproj", "{125C9023-2B34-488A-AA96-C49A4B8A8CB2}"
EndProject
Global
	GlobalSection(SolutionConfigurationPlatforms) = preSolution
		Debug|Any CPU = Debug|Any CPU
		Release|Any CPU = Release|Any CPU
	EndGlobalSection
	GlobalSection(ProjectConfigurationPlatforms) = postSolution
		{125C9023-2B34-488A-AA96-C49A4B8A8CB2}.Debug|Any CPU.ActiveCfg = Debug|Any CPU
		{125C9023-2B34-488A-AA96-C49A4B8A8CB2}.Debug|Any CPU.Build.0 = Debug|Any CPU
		{125C9023-2B34-488A-AA96-C49A4B8A8CB2}.Release|Any CPU.ActiveCfg = Release|Any CPU
		{125C9023-2B34-488A-AA96-C49A4B8A8CB2}.Release|Any CPU.Build.0 = Release|Any CPU
	EndGlobalSection
	GlobalSection(SolutionProperties) = preSolution
		HideSolutionNode = FALSE
	EndGlobalSection
	GlobalSection(ExtensibilityGlobals) = postSolution
		SolutionGuid = {03267807-E3B9-4E14-8AD3-07B45BD3EE9C}
	EndGlobalSection
EndGlobal
