
Microsoft Visual Studio Solution File, Format Version 12.00
# Visual Studio Version 16
VisualStudioVersion = 16.0.35229.62
MinimumVisualStudioVersion = 10.0.40219.1
Project("{FAE04EC0-301F-11D3-BF4B-00C04F79EFBC}") = "Do-While-ConsoleApp-Assignment", "Do-While-ConsoleApp-Assignment\Do-While-ConsoleApp-Assignment.csproj", "{4B8DD05A-A35F-488C-AEB0-63D3D64BC726}"
EndProject
Global
	GlobalSection(SolutionConfigurationPlatforms) = preSolution
		Debug|Any CPU = Debug|Any CPU
		Release|Any CPU = Release|Any CPU
	EndGlobalSection
	GlobalSection(ProjectConfigurationPlatforms) = postSolution
		{4B8DD05A-A35F-488C-AEB0-63D3D64BC726}.Debug|Any CPU.ActiveCfg = Debug|Any CPU
		{4B8DD05A-A35F-488C-AEB0-63D3D64BC726}.Debug|Any CPU.Build.0 = Debug|Any CPU
		{4B8DD05A-A35F-488C-AEB0-63D3D64BC726}.Release|Any CPU.ActiveCfg = Release|Any CPU
		{4B8DD05A-A35F-488C-AEB0-63D3D64BC726}.Release|Any CPU.Build.0 = Release|Any CPU
	EndGlobalSection
	GlobalSection(SolutionProperties) = preSolution
		HideSolutionNode = FALSE
	EndGlobalSection
	GlobalSection(ExtensibilityGlobals) = postSolution
		SolutionGuid = {C0D939FA-D57E-4A32-933B-A5261722DD06}
	EndGlobalSection
EndGlobal
