
Microsoft Visual Studio Solution File, Format Version 12.00
# Visual Studio Version 16
VisualStudioVersion = 16.0.35229.62
MinimumVisualStudioVersion = 10.0.40219.1
Project("{FAE04EC0-301F-11D3-BF4B-00C04F79EFBC}") = "CarInsurance", "CarInsurance\CarInsurance.csproj", "{4FE6C1A3-12EF-465E-8BFC-687B73A1578B}"
EndProject
Global
	GlobalSection(SolutionConfigurationPlatforms) = preSolution
		Debug|Any CPU = Debug|Any CPU
		Release|Any CPU = Release|Any CPU
	EndGlobalSection
	GlobalSection(ProjectConfigurationPlatforms) = postSolution
		{4FE6C1A3-12EF-465E-8BFC-687B73A1578B}.Debug|Any CPU.ActiveCfg = Debug|Any CPU
		{4FE6C1A3-12EF-465E-8BFC-687B73A1578B}.Debug|Any CPU.Build.0 = Debug|Any CPU
		{4FE6C1A3-12EF-465E-8BFC-687B73A1578B}.Release|Any CPU.ActiveCfg = Release|Any CPU
		{4FE6C1A3-12EF-465E-8BFC-687B73A1578B}.Release|Any CPU.Build.0 = Release|Any CPU
	EndGlobalSection
	GlobalSection(SolutionProperties) = preSolution
		HideSolutionNode = FALSE
	EndGlobalSection
	GlobalSection(ExtensibilityGlobals) = postSolution
		SolutionGuid = {7F624C7C-2917-4D42-B5E5-195A2716A699}
	EndGlobalSection
EndGlobal
