
Microsoft Visual Studio Solution File, Format Version 12.00
# Visual Studio Version 16
VisualStudioVersion = 16.0.35229.62
MinimumVisualStudioVersion = 10.0.40219.1
Project("{FAE04EC0-301F-11D3-BF4B-00C04F79EFBC}") = "Constructor Assignment", "Constructor Assignment\Constructor Assignment.csproj", "{84D5C00A-2C23-4BCD-BACE-D9144C1B5A42}"
EndProject
Global
	GlobalSection(SolutionConfigurationPlatforms) = preSolution
		Debug|Any CPU = Debug|Any CPU
		Release|Any CPU = Release|Any CPU
	EndGlobalSection
	GlobalSection(ProjectConfigurationPlatforms) = postSolution
		{84D5C00A-2C23-4BCD-BACE-D9144C1B5A42}.Debug|Any CPU.ActiveCfg = Debug|Any CPU
		{84D5C00A-2C23-4BCD-BACE-D9144C1B5A42}.Debug|Any CPU.Build.0 = Debug|Any CPU
		{84D5C00A-2C23-4BCD-BACE-D9144C1B5A42}.Release|Any CPU.ActiveCfg = Release|Any CPU
		{84D5C00A-2C23-4BCD-BACE-D9144C1B5A42}.Release|Any CPU.Build.0 = Release|Any CPU
	EndGlobalSection
	GlobalSection(SolutionProperties) = preSolution
		HideSolutionNode = FALSE
	EndGlobalSection
	GlobalSection(ExtensibilityGlobals) = postSolution
		SolutionGuid = {95686AFC-36D9-4638-92EF-5741CCB07B5C}
	EndGlobalSection
EndGlobal
