
Microsoft Visual Studio Solution File, Format Version 12.00
# Visual Studio Version 16
VisualStudioVersion = 16.0.35229.62
MinimumVisualStudioVersion = 10.0.40219.1
Project("{FAE04EC0-301F-11D3-BF4B-00C04F79EFBC}") = "MainMethodAssignment", "MainMethodAssignment\MainMethodAssignment.csproj", "{3DEA12C7-6F1D-4C31-89B6-A9101C9E82AB}"
EndProject
Global
	GlobalSection(SolutionConfigurationPlatforms) = preSolution
		Debug|Any CPU = Debug|Any CPU
		Release|Any CPU = Release|Any CPU
	EndGlobalSection
	GlobalSection(ProjectConfigurationPlatforms) = postSolution
		{3DEA12C7-6F1D-4C31-89B6-A9101C9E82AB}.Debug|Any CPU.ActiveCfg = Debug|Any CPU
		{3DEA12C7-6F1D-4C31-89B6-A9101C9E82AB}.Debug|Any CPU.Build.0 = Debug|Any CPU
		{3DEA12C7-6F1D-4C31-89B6-A9101C9E82AB}.Release|Any CPU.ActiveCfg = Release|Any CPU
		{3DEA12C7-6F1D-4C31-89B6-A9101C9E82AB}.Release|Any CPU.Build.0 = Release|Any CPU
	EndGlobalSection
	GlobalSection(SolutionProperties) = preSolution
		HideSolutionNode = FALSE
	EndGlobalSection
	GlobalSection(ExtensibilityGlobals) = postSolution
		SolutionGuid = {770CA598-5958-4795-8290-E9E973AEF86C}
	EndGlobalSection
EndGlobal
