
Microsoft Visual Studio Solution File, Format Version 12.00
# Visual Studio Version 16
VisualStudioVersion = 16.0.35229.62
MinimumVisualStudioVersion = 10.0.40219.1
Project("{FAE04EC0-301F-11D3-BF4B-00C04F79EFBC}") = "Operators Assignment Submission", "Operators Assignment Submission\Operators Assignment Submission.csproj", "{5333D4E4-F9DA-4845-8CBF-F4E6CAB1DB99}"
EndProject
Global
	GlobalSection(SolutionConfigurationPlatforms) = preSolution
		Debug|Any CPU = Debug|Any CPU
		Release|Any CPU = Release|Any CPU
	EndGlobalSection
	GlobalSection(ProjectConfigurationPlatforms) = postSolution
		{5333D4E4-F9DA-4845-8CBF-F4E6CAB1DB99}.Debug|Any CPU.ActiveCfg = Debug|Any CPU
		{5333D4E4-F9DA-4845-8CBF-F4E6CAB1DB99}.Debug|Any CPU.Build.0 = Debug|Any CPU
		{5333D4E4-F9DA-4845-8CBF-F4E6CAB1DB99}.Release|Any CPU.ActiveCfg = Release|Any CPU
		{5333D4E4-F9DA-4845-8CBF-F4E6CAB1DB99}.Release|Any CPU.Build.0 = Release|Any CPU
	EndGlobalSection
	GlobalSection(SolutionProperties) = preSolution
		HideSolutionNode = FALSE
	EndGlobalSection
	GlobalSection(ExtensibilityGlobals) = postSolution
		SolutionGuid = {69B8D916-1982-4E1D-9E2D-FD6A4083E544}
	EndGlobalSection
EndGlobal
