
Microsoft Visual Studio Solution File, Format Version 12.00
# Visual Studio Version 16
VisualStudioVersion = 16.0.35229.62
MinimumVisualStudioVersion = 10.0.40219.1
Project("{FAE04EC0-301F-11D3-BF4B-00C04F79EFBC}") = "Six Part Console App Assignment", "Six Part Console App Assignment\Six Part Console App Assignment.csproj", "{923876BD-79E2-44BE-B55E-81E87178AC1D}"
EndProject
Global
	GlobalSection(SolutionConfigurationPlatforms) = preSolution
		Debug|Any CPU = Debug|Any CPU
		Release|Any CPU = Release|Any CPU
	EndGlobalSection
	GlobalSection(ProjectConfigurationPlatforms) = postSolution
		{923876BD-79E2-44BE-B55E-81E87178AC1D}.Debug|Any CPU.ActiveCfg = Debug|Any CPU
		{923876BD-79E2-44BE-B55E-81E87178AC1D}.Debug|Any CPU.Build.0 = Debug|Any CPU
		{923876BD-79E2-44BE-B55E-81E87178AC1D}.Release|Any CPU.ActiveCfg = Release|Any CPU
		{923876BD-79E2-44BE-B55E-81E87178AC1D}.Release|Any CPU.Build.0 = Release|Any CPU
	EndGlobalSection
	GlobalSection(SolutionProperties) = preSolution
		HideSolutionNode = FALSE
	EndGlobalSection
	GlobalSection(ExtensibilityGlobals) = postSolution
		SolutionGuid = {227159BC-0212-4D25-886E-53F9A9CD985B}
	EndGlobalSection
EndGlobal
